
Microsoft Visual Studio Solution File, Format Version 12.00
# Visual Studio Version 16
VisualStudioVersion = 16.0.30804.86
MinimumVisualStudioVersion = 10.0.40219.1
Project("{9A19103F-16F7-4668-BE54-9A1E7A4F7556}") = "BasicCSharpWebCrawler", "BasicCSharpWebCrawler\BasicCSharpWebCrawler.csproj", "{DB480900-5801-4F04-9AD4-C386149D679D}"
EndProject
Project("{9A19103F-16F7-4668-BE54-9A1E7A4F7556}") = "UpgradedWebCrawler", "UpgradedWebCrawler\UpgradedWebCrawler.csproj", "{546CC113-F889-47DA-85C6-91783ED53F4C}"
EndProject
Project("{FAE04EC0-301F-11D3-BF4B-00C04F79EFBC}") = "Demo", "Demo\Demo.csproj", "{23574419-ADC4-43C6-87B8-1FC2ABE63E8A}"
EndProject
Global
	GlobalSection(SolutionConfigurationPlatforms) = preSolution
		Debug|Any CPU = Debug|Any CPU
		Release|Any CPU = Release|Any CPU
	EndGlobalSection
	GlobalSection(ProjectConfigurationPlatforms) = postSolution
		{DB480900-5801-4F04-9AD4-C386149D679D}.Debug|Any CPU.ActiveCfg = Debug|Any CPU
		{DB480900-5801-4F04-9AD4-C386149D679D}.Debug|Any CPU.Build.0 = Debug|Any CPU
		{DB480900-5801-4F04-9AD4-C386149D679D}.Release|Any CPU.ActiveCfg = Release|Any CPU
		{DB480900-5801-4F04-9AD4-C386149D679D}.Release|Any CPU.Build.0 = Release|Any CPU
		{546CC113-F889-47DA-85C6-91783ED53F4C}.Debug|Any CPU.ActiveCfg = Debug|Any CPU
		{546CC113-F889-47DA-85C6-91783ED53F4C}.Debug|Any CPU.Build.0 = Debug|Any CPU
		{546CC113-F889-47DA-85C6-91783ED53F4C}.Release|Any CPU.ActiveCfg = Release|Any CPU
		{546CC113-F889-47DA-85C6-91783ED53F4C}.Release|Any CPU.Build.0 = Release|Any CPU
		{23574419-ADC4-43C6-87B8-1FC2ABE63E8A}.Debug|Any CPU.ActiveCfg = Debug|Any CPU
		{23574419-ADC4-43C6-87B8-1FC2ABE63E8A}.Debug|Any CPU.Build.0 = Debug|Any CPU
		{23574419-ADC4-43C6-87B8-1FC2ABE63E8A}.Release|Any CPU.ActiveCfg = Release|Any CPU
		{23574419-ADC4-43C6-87B8-1FC2ABE63E8A}.Release|Any CPU.Build.0 = Release|Any CPU
	EndGlobalSection
	GlobalSection(SolutionProperties) = preSolution
		HideSolutionNode = FALSE
	EndGlobalSection
	GlobalSection(ExtensibilityGlobals) = postSolution
		SolutionGuid = {574F9BD0-E83C-46C1-8E36-C6B476914B5E}
	EndGlobalSection
EndGlobal
